// !$*UTF8*$!
{
	archiveVersion = 1;
	classes = {
	};
	objectVersion = 77;
	objects = {

/* Begin PBXBuildFile section */
		9386CD0E2F7278DD00EED7CF /* RealmSwift in Embed Frameworks */ = {isa = PBXBuildFile; productRef = 93D4F3B52F702C9A0053F2A5 /* RealmSwift */; settings = {ATTRIBUTES = (CodeSignOnCopy, ); }; };
		9386CD912F79FFE700EED7CF /* CropViewController in Frameworks */ = {isa = PBXBuildFile; productRef = 9386CD902F79FFE700EED7CF /* CropViewController */; };
		93D4F3B62F702C9A0053F2A5 /* RealmSwift in Frameworks */ = {isa = PBXBuildFile; productRef = 93D4F3B52F702C9A0053F2A5 /* RealmSwift */; };
		93D4F3B92F7030190053F2A5 /* RxCocoa in Frameworks */ = {isa = PBXBuildFile; productRef = 93D4F3B82F7030190053F2A5 /* RxCocoa */; };
		93D4F3BB2F7030190053F2A5 /* RxSwift in Frameworks */ = {isa = PBXBuildFile; productRef = 93D4F3BA2F7030190053F2A5 /* RxSwift */; };
		93D4F3BE2F70302F0053F2A5 /* Alamofire in Frameworks */ = {isa = PBXBuildFile; productRef = 93D4F3BD2F70302F0053F2A5 /* Alamofire */; };
		93D4F3C12F7030400053F2A5 /* Kingfisher in Frameworks */ = {isa = PBXBuildFile; productRef = 93D4F3C02F7030400053F2A5 /* Kingfisher */; };
		93D4F3C42F7030B70053F2A5 /* FSCalendar in Frameworks */ = {isa = PBXBuildFile; productRef = 93D4F3C32F7030B70053F2A5 /* FSCalendar */; };
		93D4F3C72F7030CD0053F2A5 /* Toast in Frameworks */ = {isa = PBXBuildFile; productRef = 93D4F3C62F7030CD0053F2A5 /* Toast */; };
		93D4F4342F71087C0053F2A5 /* SnapKit in Frameworks */ = {isa = PBXBuildFile; productRef = 93D4F4332F71087C0053F2A5 /* SnapKit */; };
/* End PBXBuildFile section */

/* Begin PBXCopyFilesBuildPhase section */
		9386CD0F2F7278DD00EED7CF /* Embed Frameworks */ = {
			isa = PBXCopyFilesBuildPhase;
			buildActionMask = 2147483647;
			dstPath = "";
			dstSubfolderSpec = 10;
			files = (
				9386CD0E2F7278DD00EED7CF /* RealmSwift in Embed Frameworks */,
			);
			name = "Embed Frameworks";
			runOnlyForDeploymentPostprocessing = 0;
		};
/* End PBXCopyFilesBuildPhase section */

/* Begin PBXFileReference section */
		93D4F37C2F7006DE0053F2A5 /* HuntTimer.app */ = {isa = PBXFileReference; explicitFileType = wrapper.application; includeInIndex = 0; path = HuntTimer.app; sourceTree = BUILT_PRODUCTS_DIR; };
/* End PBXFileReference section */

/* Begin PBXFileSystemSynchronizedBuildFileExceptionSet section */
		93D4F38E2F7006DF0053F2A5 /* Exceptions for "HuntTimer" folder in "HuntTimer" target */ = {
			isa = PBXFileSystemSynchronizedBuildFileExceptionSet;
			membershipExceptions = (
				Info.plist,
			);
			target = 93D4F37B2F7006DE0053F2A5 /* HuntTimer */;
		};
/* End PBXFileSystemSynchronizedBuildFileExceptionSet section */

/* Begin PBXFileSystemSynchronizedRootGroup section */
		93D4F37E2F7006DE0053F2A5 /* HuntTimer */ = {
			isa = PBXFileSystemSynchronizedRootGroup;
			exceptions = (
				93D4F38E2F7006DF0053F2A5 /* Exceptions for "HuntTimer" folder in "HuntTimer" target */,
			);
			path = HuntTimer;
			sourceTree = "<group>";
		};
/* End PBXFileSystemSynchronizedRootGroup section */

/* Begin PBXFrameworksBuildPhase section */
		93D4F3792F7006DE0053F2A5 /* Frameworks */ = {
			isa = PBXFrameworksBuildPhase;
			buildActionMask = 2147483647;
			files = (
				93D4F3BB2F7030190053F2A5 /* RxSwift in Frameworks */,
				93D4F4342F71087C0053F2A5 /* SnapKit in Frameworks */,
				9386CD912F79FFE700EED7CF /* CropViewController in Frameworks */,
				93D4F3C42F7030B70053F2A5 /* FSCalendar in Frameworks */,
				93D4F3BE2F70302F0053F2A5 /* Alamofire in Frameworks */,
				93D4F3B92F7030190053F2A5 /* RxCocoa in Frameworks */,
				93D4F3B62F702C9A0053F2A5 /* RealmSwift in Frameworks */,
				93D4F3C72F7030CD0053F2A5 /* Toast in Frameworks */,
				93D4F3C12F7030400053F2A5 /* Kingfisher in Frameworks */,
			);
			runOnlyForDeploymentPostprocessing = 0;
		};
/* End PBXFrameworksBuildPhase section */

/* Begin PBXGroup section */
		93D4F3732F7006DE0053F2A5 = {
			isa = PBXGroup;
			children = (
				93D4F37E2F7006DE0053F2A5 /* HuntTimer */,
				93D4F37D2F7006DE0053F2A5 /* Products */,
			);
			sourceTree = "<group>";
		};
		93D4F37D2F7006DE0053F2A5 /* Products */ = {
			isa = PBXGroup;
			children = (
				93D4F37C2F7006DE0053F2A5 /* HuntTimer.app */,
			);
			name = Products;
			sourceTree = "<group>";
		};
/* End PBXGroup section */

/* Begin PBXNativeTarget section */
		93D4F37B2F7006DE0053F2A5 /* HuntTimer */ = {
			isa = PBXNativeTarget;
			buildConfigurationList = 93D4F38F2F7006DF0053F2A5 /* Build configuration list for PBXNativeTarget "HuntTimer" */;
			buildPhases = (
				93D4F3782F7006DE0053F2A5 /* Sources */,
				93D4F3792F7006DE0053F2A5 /* Frameworks */,
				93D4F37A2F7006DE0053F2A5 /* Resources */,
				9386CD0F2F7278DD00EED7CF /* Embed Frameworks */,
			);
			buildRules = (
			);
			dependencies = (
			);
			fileSystemSynchronizedGroups = (
				93D4F37E2F7006DE0053F2A5 /* HuntTimer */,
			);
			name = HuntTimer;
			packageProductDependencies = (
				93D4F3B52F702C9A0053F2A5 /* RealmSwift */,
				93D4F3B82F7030190053F2A5 /* RxCocoa */,
				93D4F3BA2F7030190053F2A5 /* RxSwift */,
				93D4F3BD2F70302F0053F2A5 /* Alamofire */,
				93D4F3C02F7030400053F2A5 /* Kingfisher */,
				93D4F3C32F7030B70053F2A5 /* FSCalendar */,
				93D4F3C62F7030CD0053F2A5 /* Toast */,
				93D4F4332F71087C0053F2A5 /* SnapKit */,
				9386CD902F79FFE700EED7CF /* CropViewController */,
			);
			productName = HuntTimer;
			productReference = 93D4F37C2F7006DE0053F2A5 /* HuntTimer.app */;
			productType = "com.apple.product-type.application";
		};
/* End PBXNativeTarget section */

/* Begin PBXProject section */
		93D4F3742F7006DE0053F2A5 /* Project object */ = {
			isa = PBXProject;
			attributes = {
				BuildIndependentTargetsInParallel = 1;
				LastSwiftUpdateCheck = 2620;
				LastUpgradeCheck = 2620;
				TargetAttributes = {
					93D4F37B2F7006DE0053F2A5 = {
						CreatedOnToolsVersion = 26.2;
					};
				};
			};
			buildConfigurationList = 93D4F3772F7006DE0053F2A5 /* Build configuration list for PBXProject "HuntTimer" */;
			developmentRegion = en;
			hasScannedForEncodings = 0;
			knownRegions = (
				en,
				Base,
			);
			mainGroup = 93D4F3732F7006DE0053F2A5;
			minimizedProjectReferenceProxies = 1;
			packageReferences = (
				93D4F3B22F702C9A0053F2A5 /* XCRemoteSwiftPackageReference "realm-swift" */,
				93D4F3B72F7030190053F2A5 /* XCRemoteSwiftPackageReference "RxSwift" */,
				93D4F3BC2F70302F0053F2A5 /* XCRemoteSwiftPackageReference "Alamofire" */,
				93D4F3BF2F7030400053F2A5 /* XCRemoteSwiftPackageReference "Kingfisher" */,
				93D4F3C22F7030B70053F2A5 /* XCRemoteSwiftPackageReference "FSCalendar" */,
				93D4F3C52F7030CD0053F2A5 /* XCRemoteSwiftPackageReference "Toast-Swift" */,
				93D4F4322F71087C0053F2A5 /* XCRemoteSwiftPackageReference "SnapKit" */,
				9386CD8F2F79FFE700EED7CF /* XCRemoteSwiftPackageReference "TOCropViewController" */,
			);
			preferredProjectObjectVersion = 77;
			productRefGroup = 93D4F37D2F7006DE0053F2A5 /* Products */;
			projectDirPath = "";
			projectRoot = "";
			targets = (
				93D4F37B2F7006DE0053F2A5 /* HuntTimer */,
			);
		};
/* End PBXProject section */

/* Begin PBXResourcesBuildPhase section */
		93D4F37A2F7006DE0053F2A5 /* Resources */ = {
			isa = PBXResourcesBuildPhase;
			buildActionMask = 2147483647;
			files = (
			);
			runOnlyForDeploymentPostprocessing = 0;
		};
/* End PBXResourcesBuildPhase section */

/* Begin PBXSourcesBuildPhase section */
		93D4F3782F7006DE0053F2A5 /* Sources */ = {
			isa = PBXSourcesBuildPhase;
			buildActionMask = 2147483647;
			files = (
			);
			runOnlyForDeploymentPostprocessing = 0;
		};
/* End PBXSourcesBuildPhase section */

/* Begin XCBuildConfiguration section */
		93D4F3902F7006DF0053F2A5 /* Debug */ = {
			isa = XCBuildConfiguration;
			buildSettings = {
				ASSETCATALOG_COMPILER_APPICON_NAME = AppIcon;
				ASSETCATALOG_COMPILER_GLOBAL_ACCENT_COLOR_NAME = AccentColor;
				CODE_SIGN_STYLE = Automatic;
				CURRENT_PROJECT_VERSION = 1;
				DEVELOPMENT_TEAM = AFP4TC6CAK;
				GENERATE_INFOPLIST_FILE = YES;
				INFOPLIST_FILE = HuntTimer/Info.plist;
				INFOPLIST_KEY_CFBundleDisplayName = HuntTimer;
				INFOPLIST_KEY_UIApplicationSupportsIndirectInputEvents = YES;
				INFOPLIST_KEY_UILaunchStoryboardName = LaunchScreen;
				INFOPLIST_KEY_UIMainStoryboardFile = Main;
				INFOPLIST_KEY_UISupportedInterfaceOrientations = UIInterfaceOrientationPortrait;
				INFOPLIST_KEY_UISupportedInterfaceOrientations_iPad = "UIInterfaceOrientationLandscapeLeft UIInterfaceOrientationLandscapeRight UIInterfaceOrientationPortrait UIInterfaceOrientationPortraitUpsideDown";
				IPHONEOS_DEPLOYMENT_TARGET = 17.6;
				LD_RUNPATH_SEARCH_PATHS = (
					"$(inherited)",
					"@executable_path/Frameworks",
				);
				MARKETING_VERSION = 1.1;
				PRODUCT_BUNDLE_IDENTIFIER = com.hyojung.HuntTimer;
				PRODUCT_NAME = "$(TARGET_NAME)";
				STRING_CATALOG_GENERATE_SYMBOLS = YES;
				SUPPORTED_PLATFORMS = "iphoneos iphonesimulator";
				SUPPORTS_MACCATALYST = NO;
				SUPPORTS_MAC_DESIGNED_FOR_IPHONE_IPAD = NO;
				SUPPORTS_XR_DESIGNED_FOR_IPHONE_IPAD = NO;
				SWIFT_APPROACHABLE_CONCURRENCY = YES;
				SWIFT_DEFAULT_ACTOR_ISOLATION = MainActor;
				SWIFT_EMIT_LOC_STRINGS = YES;
				SWIFT_UPCOMING_FEATURE_MEMBER_IMPORT_VISIBILITY = YES;
				SWIFT_VERSION = 5.0;
				TARGETED_DEVICE_FAMILY = 1;
			};
			name = Debug;
		};
		93D4F3912F7006DF0053F2A5 /* Release */ = {
			isa = XCBuildConfiguration;
			buildSettings = {
				ASSETCATALOG_COMPILER_APPICON_NAME = AppIcon;
				ASSETCATALOG_COMPILER_GLOBAL_ACCENT_COLOR_NAME = AccentColor;
				CODE_SIGN_STYLE = Automatic;
				CURRENT_PROJECT_VERSION = 1;
				DEVELOPMENT_TEAM = AFP4TC6CAK;
				GENERATE_INFOPLIST_FILE = YES;
				INFOPLIST_FILE = HuntTimer/Info.plist;
				INFOPLIST_KEY_CFBundleDisplayName = HuntTimer;
				INFOPLIST_KEY_UIApplicationSupportsIndirectInputEvents = YES;
				INFOPLIST_KEY_UILaunchStoryboardName = LaunchScreen;
				INFOPLIST_KEY_UIMainStoryboardFile = Main;
				INFOPLIST_KEY_UISupportedInterfaceOrientations = UIInterfaceOrientationPortrait;
				INFOPLIST_KEY_UISupportedInterfaceOrientations_iPad = "UIInterfaceOrientationLandscapeLeft UIInterfaceOrientationLandscapeRight UIInterfaceOrientationPortrait UIInterfaceOrientationPortraitUpsideDown";
				IPHONEOS_DEPLOYMENT_TARGET = 17.6;
				LD_RUNPATH_SEARCH_PATHS = (
					"$(inherited)",
					"@executable_path/Frameworks",
				);
				MARKETING_VERSION = 1.1;
				PRODUCT_BUNDLE_IDENTIFIER = com.hyojung.HuntTimer;
				PRODUCT_NAME = "$(TARGET_NAME)";
				STRING_CATALOG_GENERATE_SYMBOLS = YES;
				SUPPORTED_PLATFORMS = "iphoneos iphonesimulator";
				SUPPORTS_MACCATALYST = NO;
				SUPPORTS_MAC_DESIGNED_FOR_IPHONE_IPAD = NO;
				SUPPORTS_XR_DESIGNED_FOR_IPHONE_IPAD = NO;
				SWIFT_APPROACHABLE_CONCURRENCY = YES;
				SWIFT_DEFAULT_ACTOR_ISOLATION = MainActor;
				SWIFT_EMIT_LOC_STRINGS = YES;
				SWIFT_UPCOMING_FEATURE_MEMBER_IMPORT_VISIBILITY = YES;
				SWIFT_VERSION = 5.0;
				TARGETED_DEVICE_FAMILY = 1;
			};
			name = Release;
		};
		93D4F3922F7006DF0053F2A5 /* Debug */ = {
			isa = XCBuildConfiguration;
			buildSettings = {
				ALWAYS_SEARCH_USER_PATHS = NO;
				ASSETCATALOG_COMPILER_GENERATE_SWIFT_ASSET_SYMBOL_EXTENSIONS = YES;
				CLANG_ANALYZER_NONNULL = YES;
				CLANG_ANALYZER_NUMBER_OBJECT_CONVERSION = YES_AGGRESSIVE;
				CLANG_CXX_LANGUAGE_STANDARD = "gnu++20";
				CLANG_ENABLE_MODULES = YES;
				CLANG_ENABLE_OBJC_ARC = YES;
				CLANG_ENABLE_OBJC_WEAK = YES;
				CLANG_WARN_BLOCK_CAPTURE_AUTORELEASING = YES;
				CLANG_WARN_BOOL_CONVERSION = YES;
				CLANG_WARN_COMMA = YES;
				CLANG_WARN_CONSTANT_CONVERSION = YES;
				CLANG_WARN_DEPRECATED_OBJC_IMPLEMENTATIONS = YES;
				CLANG_WARN_DIRECT_OBJC_ISA_USAGE = YES_ERROR;
				CLANG_WARN_DOCUMENTATION_COMMENTS = YES;
				CLANG_WARN_EMPTY_BODY = YES;
				CLANG_WARN_ENUM_CONVERSION = YES;
				CLANG_WARN_INFINITE_RECURSION = YES;
				CLANG_WARN_INT_CONVERSION = YES;
				CLANG_WARN_NON_LITERAL_NULL_CONVERSION = YES;
				CLANG_WARN_OBJC_IMPLICIT_RETAIN_SELF = YES;
				CLANG_WARN_OBJC_LITERAL_CONVERSION = YES;
				CLANG_WARN_OBJC_ROOT_CLASS = YES_ERROR;
				CLANG_WARN_QUOTED_INCLUDE_IN_FRAMEWORK_HEADER = YES;
				CLANG_WARN_RANGE_LOOP_ANALYSIS = YES;
				CLANG_WARN_STRICT_PROTOTYPES = YES;
				CLANG_WARN_SUSPICIOUS_MOVE = YES;
				CLANG_WARN_UNGUARDED_AVAILABILITY = YES_AGGRESSIVE;
				CLANG_WARN_UNREACHABLE_CODE = YES;
				CLANG_WARN__DUPLICATE_METHOD_MATCH = YES;
				COPY_PHASE_STRIP = NO;
				DEBUG_INFORMATION_FORMAT = dwarf;
				DEVELOPMENT_TEAM = AFP4TC6CAK;
				ENABLE_STRICT_OBJC_MSGSEND = YES;
				ENABLE_TESTABILITY = YES;
				ENABLE_USER_SCRIPT_SANDBOXING = YES;
				GCC_C_LANGUAGE_STANDARD = gnu17;
				GCC_DYNAMIC_NO_PIC = NO;
				GCC_NO_COMMON_BLOCKS = YES;
				GCC_OPTIMIZATION_LEVEL = 0;
				GCC_PREPROCESSOR_DEFINITIONS = (
					"DEBUG=1",
					"$(inherited)",
				);
				GCC_WARN_64_TO_32_BIT_CONVERSION = YES;
				GCC_WARN_ABOUT_RETURN_TYPE = YES_ERROR;
				GCC_WARN_UNDECLARED_SELECTOR = YES;
				GCC_WARN_UNINITIALIZED_AUTOS = YES_AGGRESSIVE;
				GCC_WARN_UNUSED_FUNCTION = YES;
				GCC_WARN_UNUSED_VARIABLE = YES;
				IPHONEOS_DEPLOYMENT_TARGET = 26.2;
				LOCALIZATION_PREFERS_STRING_CATALOGS = YES;
				MTL_ENABLE_DEBUG_INFO = INCLUDE_SOURCE;
				MTL_FAST_MATH = YES;
				ONLY_ACTIVE_ARCH = YES;
				SDKROOT = iphoneos;
				SWIFT_ACTIVE_COMPILATION_CONDITIONS = "DEBUG $(inherited)";
				SWIFT_OPTIMIZATION_LEVEL = "-Onone";
			};
			name = Debug;
		};
		93D4F3932F7006DF0053F2A5 /* Release */ = {
			isa = XCBuildConfiguration;
			buildSettings = {
				ALWAYS_SEARCH_USER_PATHS = NO;
				ASSETCATALOG_COMPILER_GENERATE_SWIFT_ASSET_SYMBOL_EXTENSIONS = YES;
				CLANG_ANALYZER_NONNULL = YES;
				CLANG_ANALYZER_NUMBER_OBJECT_CONVERSION = YES_AGGRESSIVE;
				CLANG_CXX_LANGUAGE_STANDARD = "gnu++20";
				CLANG_ENABLE_MODULES = YES;
				CLANG_ENABLE_OBJC_ARC = YES;
				CLANG_ENABLE_OBJC_WEAK = YES;
				CLANG_WARN_BLOCK_CAPTURE_AUTORELEASING = YES;
				CLANG_WARN_BOOL_CONVERSION = YES;
				CLANG_WARN_COMMA = YES;
				CLANG_WARN_CONSTANT_CONVERSION = YES;
				CLANG_WARN_DEPRECATED_OBJC_IMPLEMENTATIONS = YES;
				CLANG_WARN_DIRECT_OBJC_ISA_USAGE = YES_ERROR;
				CLANG_WARN_DOCUMENTATION_COMMENTS = YES;
				CLANG_WARN_EMPTY_BODY = YES;
				CLANG_WARN_ENUM_CONVERSION = YES;
				CLANG_WARN_INFINITE_RECURSION = YES;
				CLANG_WARN_INT_CONVERSION = YES;
				CLANG_WARN_NON_LITERAL_NULL_CONVERSION = YES;
				CLANG_WARN_OBJC_IMPLICIT_RETAIN_SELF = YES;
				CLANG_WARN_OBJC_LITERAL_CONVERSION = YES;
				CLANG_WARN_OBJC_ROOT_CLASS = YES_ERROR;
				CLANG_WARN_QUOTED_INCLUDE_IN_FRAMEWORK_HEADER = YES;
				CLANG_WARN_RANGE_LOOP_ANALYSIS = YES;
				CLANG_WARN_STRICT_PROTOTYPES = YES;
				CLANG_WARN_SUSPICIOUS_MOVE = YES;
				CLANG_WARN_UNGUARDED_AVAILABILITY = YES_AGGRESSIVE;
				CLANG_WARN_UNREACHABLE_CODE = YES;
				CLANG_WARN__DUPLICATE_METHOD_MATCH = YES;
				COPY_PHASE_STRIP = NO;
				DEBUG_INFORMATION_FORMAT = "dwarf-with-dsym";
				DEVELOPMENT_TEAM = AFP4TC6CAK;
				ENABLE_NS_ASSERTIONS = NO;
				ENABLE_STRICT_OBJC_MSGSEND = YES;
				ENABLE_USER_SCRIPT_SANDBOXING = YES;
				GCC_C_LANGUAGE_STANDARD = gnu17;
				GCC_NO_COMMON_BLOCKS = YES;
				GCC_WARN_64_TO_32_BIT_CONVERSION = YES;
				GCC_WARN_ABOUT_RETURN_TYPE = YES_ERROR;
				GCC_WARN_UNDECLARED_SELECTOR = YES;
				GCC_WARN_UNINITIALIZED_AUTOS = YES_AGGRESSIVE;
				GCC_WARN_UNUSED_FUNCTION = YES;
				GCC_WARN_UNUSED_VARIABLE = YES;
				IPHONEOS_DEPLOYMENT_TARGET = 26.2;
				LOCALIZATION_PREFERS_STRING_CATALOGS = YES;
				MTL_ENABLE_DEBUG_INFO = NO;
				MTL_FAST_MATH = YES;
				SDKROOT = iphoneos;
				SWIFT_COMPILATION_MODE = wholemodule;
				VALIDATE_PRODUCT = YES;
			};
			name = Release;
		};
/* End XCBuildConfiguration section */

/* Begin XCConfigurationList section */
		93D4F3772F7006DE0053F2A5 /* Build configuration list for PBXProject "HuntTimer" */ = {
			isa = XCConfigurationList;
			buildConfigurations = (
				93D4F3922F7006DF0053F2A5 /* Debug */,
				93D4F3932F7006DF0053F2A5 /* Release */,
			);
			defaultConfigurationIsVisible = 0;
			defaultConfigurationName = Release;
		};
		93D4F38F2F7006DF0053F2A5 /* Build configuration list for PBXNativeTarget "HuntTimer" */ = {
			isa = XCConfigurationList;
			buildConfigurations = (
				93D4F3902F7006DF0053F2A5 /* Debug */,
				93D4F3912F7006DF0053F2A5 /* Release */,
			);
			defaultConfigurationIsVisible = 0;
			defaultConfigurationName = Release;
		};
/* End XCConfigurationList section */

/* Begin XCRemoteSwiftPackageReference section */
		9386CD8F2F79FFE700EED7CF /* XCRemoteSwiftPackageReference "TOCropViewController" */ = {
			isa = XCRemoteSwiftPackageReference;
			repositoryURL = "https://github.com/TimOliver/TOCropViewController";
			requirement = {
				kind = upToNextMajorVersion;
				minimumVersion = 3.1.1;
			};
		};
		93D4F3B22F702C9A0053F2A5 /* XCRemoteSwiftPackageReference "realm-swift" */ = {
			isa = XCRemoteSwiftPackageReference;
			repositoryURL = "https://github.com/realm/realm-swift.git";
			requirement = {
				branch = community;
				kind = branch;
			};
		};
		93D4F3B72F7030190053F2A5 /* XCRemoteSwiftPackageReference "RxSwift" */ = {
			isa = XCRemoteSwiftPackageReference;
			repositoryURL = "https://github.com/ReactiveX/RxSwift.git";
			requirement = {
				kind = upToNextMajorVersion;
				minimumVersion = 6.10.2;
			};
		};
		93D4F3BC2F70302F0053F2A5 /* XCRemoteSwiftPackageReference "Alamofire" */ = {
			isa = XCRemoteSwiftPackageReference;
			repositoryURL = "https://github.com/Alamofire/Alamofire";
			requirement = {
				kind = upToNextMajorVersion;
				minimumVersion = 5.11.1;
			};
		};
		93D4F3BF2F7030400053F2A5 /* XCRemoteSwiftPackageReference "Kingfisher" */ = {
			isa = XCRemoteSwiftPackageReference;
			repositoryURL = "https://github.com/onevcat/Kingfisher";
			requirement = {
				kind = upToNextMajorVersion;
				minimumVersion = 8.8.0;
			};
		};
		93D4F3C22F7030B70053F2A5 /* XCRemoteSwiftPackageReference "FSCalendar" */ = {
			isa = XCRemoteSwiftPackageReference;
			repositoryURL = "https://github.com/WenchaoD/FSCalendar.git";
			requirement = {
				kind = upToNextMajorVersion;
				minimumVersion = 2.8.4;
			};
		};
		93D4F3C52F7030CD0053F2A5 /* XCRemoteSwiftPackageReference "Toast-Swift" */ = {
			isa = XCRemoteSwiftPackageReference;
			repositoryURL = "https://github.com/scalessec/Toast-Swift.git";
			requirement = {
				kind = upToNextMajorVersion;
				minimumVersion = 5.1.1;
			};
		};
		93D4F4322F71087C0053F2A5 /* XCRemoteSwiftPackageReference "SnapKit" */ = {
			isa = XCRemoteSwiftPackageReference;
			repositoryURL = "https://github.com/SnapKit/SnapKit";
			requirement = {
				kind = upToNextMajorVersion;
				minimumVersion = 5.7.1;
			};
		};
/* End XCRemoteSwiftPackageReference section */

/* Begin XCSwiftPackageProductDependency section */
		9386CD902F79FFE700EED7CF /* CropViewController */ = {
			isa = XCSwiftPackageProductDependency;
			package = 9386CD8F2F79FFE700EED7CF /* XCRemoteSwiftPackageReference "TOCropViewController" */;
			productName = CropViewController;
		};
		93D4F3B52F702C9A0053F2A5 /* RealmSwift */ = {
			isa = XCSwiftPackageProductDependency;
			package = 93D4F3B22F702C9A0053F2A5 /* XCRemoteSwiftPackageReference "realm-swift" */;
			productName = RealmSwift;
		};
		93D4F3B82F7030190053F2A5 /* RxCocoa */ = {
			isa = XCSwiftPackageProductDependency;
			package = 93D4F3B72F7030190053F2A5 /* XCRemoteSwiftPackageReference "RxSwift" */;
			productName = RxCocoa;
		};
		93D4F3BA2F7030190053F2A5 /* RxSwift */ = {
			isa = XCSwiftPackageProductDependency;
			package = 93D4F3B72F7030190053F2A5 /* XCRemoteSwiftPackageReference "RxSwift" */;
			productName = RxSwift;
		};
		93D4F3BD2F70302F0053F2A5 /* Alamofire */ = {
			isa = XCSwiftPackageProductDependency;
			package = 93D4F3BC2F70302F0053F2A5 /* XCRemoteSwiftPackageReference "Alamofire" */;
			productName = Alamofire;
		};
		93D4F3C02F7030400053F2A5 /* Kingfisher */ = {
			isa = XCSwiftPackageProductDependency;
			package = 93D4F3BF2F7030400053F2A5 /* XCRemoteSwiftPackageReference "Kingfisher" */;
			productName = Kingfisher;
		};
		93D4F3C32F7030B70053F2A5 /* FSCalendar */ = {
			isa = XCSwiftPackageProductDependency;
			package = 93D4F3C22F7030B70053F2A5 /* XCRemoteSwiftPackageReference "FSCalendar" */;
			productName = FSCalendar;
		};
		93D4F3C62F7030CD0053F2A5 /* Toast */ = {
			isa = XCSwiftPackageProductDependency;
			package = 93D4F3C52F7030CD0053F2A5 /* XCRemoteSwiftPackageReference "Toast-Swift" */;
			productName = Toast;
		};
		93D4F4332F71087C0053F2A5 /* SnapKit */ = {
			isa = XCSwiftPackageProductDependency;
			package = 93D4F4322F71087C0053F2A5 /* XCRemoteSwiftPackageReference "SnapKit" */;
			productName = SnapKit;
		};
/* End XCSwiftPackageProductDependency section */
	};
	rootObject = 93D4F3742F7006DE0053F2A5 /* Project object */;
}
